// !$*UTF8*$!
{
	archiveVersion = 1;
	classes = {
	};
	objectVersion = 46;
	objects = {

/* Begin PBXBuildFile section */
		2610946A1CDAE3C40046348A /* main.m in Sources */ = {isa = PBXBuildFile; fileRef = 261094691CDAE3C40046348A /* main.m */; };
		2610946D1CDAE3C40046348A /* AppDelegate.m in Sources */ = {isa = PBXBuildFile; fileRef = 2610946C1CDAE3C40046348A /* AppDelegate.m */; };
		261094701CDAE3C40046348A /* ViewController.m in Sources */ = {isa = PBXBuildFile; fileRef = 2610946F1CDAE3C40046348A /* ViewController.m */; };
		261094731CDAE3C40046348A /* Main.storyboard in Resources */ = {isa = PBXBuildFile; fileRef = 261094711CDAE3C40046348A /* Main.storyboard */; };
		261094751CDAE3C40046348A /* Assets.xcassets in Resources */ = {isa = PBXBuildFile; fileRef = 261094741CDAE3C40046348A /* Assets.xcassets */; };
		261094781CDAE3C40046348A /* LaunchScreen.storyboard in Resources */ = {isa = PBXBuildFile; fileRef = 261094761CDAE3C40046348A /* LaunchScreen.storyboard */; };
/* End PBXBuildFile section */

/* Begin PBXFileReference section */
		261094651CDAE3C40046348A /* 网络-Network.app */ = {isa = PBXFileReference; explicitFileType = wrapper.application; includeInIndex = 0; path = "网络-Network.app"; sourceTree = BUILT_PRODUCTS_DIR; };
		261094691CDAE3C40046348A /* main.m */ = {isa = PBXFileReference; lastKnownFileType = sourcecode.c.objc; path = main.m; sourceTree = "<group>"; };
		2610946B1CDAE3C40046348A /* AppDelegate.h */ = {isa = PBXFileReference; lastKnownFileType = sourcecode.c.h; path = AppDelegate.h; sourceTree = "<group>"; };
		2610946C1CDAE3C40046348A /* AppDelegate.m */ = {isa = PBXFileReference; lastKnownFileType = sourcecode.c.objc; path = AppDelegate.m; sourceTree = "<group>"; };
		2610946E1CDAE3C40046348A /* ViewController.h */ = {isa = PBXFileReference; lastKnownFileType = sourcecode.c.h; path = ViewController.h; sourceTree = "<group>"; };
		2610946F1CDAE3C40046348A /* ViewController.m */ = {isa = PBXFileReference; lastKnownFileType = sourcecode.c.objc; path = ViewController.m; sourceTree = "<group>"; };
		261094721CDAE3C40046348A /* Base */ = {isa = PBXFileReference; lastKnownFileType = file.storyboard; name = Base; path = Base.lproj/Main.storyboard; sourceTree = "<group>"; };
		261094741CDAE3C40046348A /* Assets.xcassets */ = {isa = PBXFileReference; lastKnownFileType = folder.assetcatalog; path = Assets.xcassets; sourceTree = "<group>"; };
		261094771CDAE3C40046348A /* Base */ = {isa = PBXFileReference; lastKnownFileType = file.storyboard; name = Base; path = Base.lproj/LaunchScreen.storyboard; sourceTree = "<group>"; };
		261094791CDAE3C40046348A /* Info.plist */ = {isa = PBXFileReference; lastKnownFileType = text.plist.xml; path = Info.plist; sourceTree = "<group>"; };
/* End PBXFileReference section */

/* Begin PBXFrameworksBuildPhase section */
		261094621CDAE3C40046348A /* Frameworks */ = {
			isa = PBXFrameworksBuildPhase;
			buildActionMask = 2147483647;
			files = (
			);
			runOnlyForDeploymentPostprocessing = 0;
		};
/* End PBXFrameworksBuildPhase section */

/* Begin PBXGroup section */
		2610945C1CDAE3C40046348A = {
			isa = PBXGroup;
			children = (
				261094671CDAE3C40046348A /* 网络-Network */,
				261094661CDAE3C40046348A /* Products */,
			);
			sourceTree = "<group>";
		};
		261094661CDAE3C40046348A /* Products */ = {
			isa = PBXGroup;
			children = (
				261094651CDAE3C40046348A /* 网络-Network.app */,
			);
			name = Products;
			sourceTree = "<group>";
		};
		261094671CDAE3C40046348A /* 网络-Network */ = {
			isa = PBXGroup;
			children = (
				2610946B1CDAE3C40046348A /* AppDelegate.h */,
				2610946C1CDAE3C40046348A /* AppDelegate.m */,
				2610946E1CDAE3C40046348A /* ViewController.h */,
				2610946F1CDAE3C40046348A /* ViewController.m */,
				261094711CDAE3C40046348A /* Main.storyboard */,
				261094741CDAE3C40046348A /* Assets.xcassets */,
				261094761CDAE3C40046348A /* LaunchScreen.storyboard */,
				261094791CDAE3C40046348A /* Info.plist */,
				261094681CDAE3C40046348A /* Supporting Files */,
			);
			path = "网络-Network";
			sourceTree = "<group>";
		};
		261094681CDAE3C40046348A /* Supporting Files */ = {
			isa = PBXGroup;
			children = (
				261094691CDAE3C40046348A /* main.m */,
			);
			name = "Supporting Files";
			sourceTree = "<group>";
		};
/* End PBXGroup section */

/* Begin PBXNativeTarget section */
		261094641CDAE3C40046348A /* 网络-Network */ = {
			isa = PBXNativeTarget;
			buildConfigurationList = 2610947C1CDAE3C40046348A /* Build configuration list for PBXNativeTarget "网络-Network" */;
			buildPhases = (
				261094611CDAE3C40046348A /* Sources */,
				261094621CDAE3C40046348A /* Frameworks */,
				261094631CDAE3C40046348A /* Resources */,
			);
			buildRules = (
			);
			dependencies = (
			);
			name = "网络-Network";
			productName = "网络-Network";
			productReference = 261094651CDAE3C40046348A /* 网络-Network.app */;
			productType = "com.apple.product-type.application";
		};
/* End PBXNativeTarget section */

/* Begin PBXProject section */
		2610945D1CDAE3C40046348A /* Project object */ = {
			isa = PBXProject;
			attributes = {
				LastUpgradeCheck = 0720;
				ORGANIZATIONNAME = chenzhongsong;
				TargetAttributes = {
					261094641CDAE3C40046348A = {
						CreatedOnToolsVersion = 7.2.1;
					};
				};
			};
			buildConfigurationList = 261094601CDAE3C40046348A /* Build configuration list for PBXProject "网络-Network" */;
			compatibilityVersion = "Xcode 3.2";
			developmentRegion = English;
			hasScannedForEncodings = 0;
			knownRegions = (
				en,
				Base,
			);
			mainGroup = 2610945C1CDAE3C40046348A;
			productRefGroup = 261094661CDAE3C40046348A /* Products */;
			projectDirPath = "";
			projectRoot = "";
			targets = (
				261094641CDAE3C40046348A /* 网络-Network */,
			);
		};
/* End PBXProject section */

/* Begin PBXResourcesBuildPhase section */
		261094631CDAE3C40046348A /* Resources */ = {
			isa = PBXResourcesBuildPhase;
			buildActionMask = 2147483647;
			files = (
				261094781CDAE3C40046348A /* LaunchScreen.storyboard in Resources */,
				261094751CDAE3C40046348A /* Assets.xcassets in Resources */,
				261094731CDAE3C40046348A /* Main.storyboard in Resources */,
			);
			runOnlyForDeploymentPostprocessing = 0;
		};
/* End PBXResourcesBuildPhase section */

/* Begin PBXSourcesBuildPhase section */
		261094611CDAE3C40046348A /* Sources */ = {
			isa = PBXSourcesBuildPhase;
			buildActionMask = 2147483647;
			files = (
				261094701CDAE3C40046348A /* ViewController.m in Sources */,
				2610946D1CDAE3C40046348A /* AppDelegate.m in Sources */,
				2610946A1CDAE3C40046348A /* main.m in Sources */,
			);
			runOnlyForDeploymentPostprocessing = 0;
		};
/* End PBXSourcesBuildPhase section */

/* Begin PBXVariantGroup section */
		261094711CDAE3C40046348A /* Main.storyboard */ = {
			isa = PBXVariantGroup;
			children = (
				261094721CDAE3C40046348A /* Base */,
			);
			name = Main.storyboard;
			sourceTree = "<group>";
		};
		261094761CDAE3C40046348A /* LaunchScreen.storyboard */ = {
			isa = PBXVariantGroup;
			children = (
				261094771CDAE3C40046348A /* Base */,
			);
			name = LaunchScreen.storyboard;
			sourceTree = "<group>";
		};
/* End PBXVariantGroup section */

/* Begin XCBuildConfiguration section */
		2610947A1CDAE3C40046348A /* Debug */ = {
			isa = XCBuildConfiguration;
			buildSettings = {
				ALWAYS_SEARCH_USER_PATHS = NO;
				CLANG_CXX_LANGUAGE_STANDARD = "gnu++0x";
				CLANG_CXX_LIBRARY = "libc++";
				CLANG_ENABLE_MODULES = YES;
				CLANG_ENABLE_OBJC_ARC = YES;
				CLANG_WARN_BOOL_CONVERSION = YES;
				CLANG_WARN_CONSTANT_CONVERSION = YES;
				CLANG_WARN_DIRECT_OBJC_ISA_USAGE = YES_ERROR;
				CLANG_WARN_EMPTY_BODY = YES;
				CLANG_WARN_ENUM_CONVERSION = YES;
				CLANG_WARN_INT_CONVERSION = YES;
				CLANG_WARN_OBJC_ROOT_CLASS = YES_ERROR;
				CLANG_WARN_UNREACHABLE_CODE = YES;
				CLANG_WARN__DUPLICATE_METHOD_MATCH = YES;
				"CODE_SIGN_IDENTITY[sdk=iphoneos*]" = "iPhone Developer";
				COPY_PHASE_STRIP = NO;
				DEBUG_INFORMATION_FORMAT = dwarf;
				ENABLE_STRICT_OBJC_MSGSEND = YES;
				ENABLE_TESTABILITY = YES;
				GCC_C_LANGUAGE_STANDARD = gnu99;
				GCC_DYNAMIC_NO_PIC = NO;
				GCC_NO_COMMON_BLOCKS = YES;
				GCC_OPTIMIZATION_LEVEL = 0;
				GCC_PREPROCESSOR_DEFINITIONS = (
					"DEBUG=1",
					"$(inherited)",
				);
				GCC_WARN_64_TO_32_BIT_CONVERSION = YES;
				GCC_WARN_ABOUT_RETURN_TYPE = YES_ERROR;
				GCC_WARN_UNDECLARED_SELECTOR = YES;
				GCC_WARN_UNINITIALIZED_AUTOS = YES_AGGRESSIVE;
				GCC_WARN_UNUSED_FUNCTION = YES;
				GCC_WARN_UNUSED_VARIABLE = YES;
				IPHONEOS_DEPLOYMENT_TARGET = 9.2;
				MTL_ENABLE_DEBUG_INFO = YES;
				ONLY_ACTIVE_ARCH = YES;
				SDKROOT = iphoneos;
				TARGETED_DEVICE_FAMILY = "1,2";
			};
			name = Debug;
		};
		2610947B1CDAE3C40046348A /* Release */ = {
			isa = XCBuildConfiguration;
			buildSettings = {
				ALWAYS_SEARCH_USER_PATHS = NO;
				CLANG_CXX_LANGUAGE_STANDARD = "gnu++0x";
				CLANG_CXX_LIBRARY = "libc++";
				CLANG_ENABLE_MODULES = YES;
				CLANG_ENABLE_OBJC_ARC = YES;
				CLANG_WARN_BOOL_CONVERSION = YES;
				CLANG_WARN_CONSTANT_CONVERSION = YES;
				CLANG_WARN_DIRECT_OBJC_ISA_USAGE = YES_ERROR;
				CLANG_WARN_EMPTY_BODY = YES;
				CLANG_WARN_ENUM_CONVERSION = YES;
				CLANG_WARN_INT_CONVERSION = YES;
				CLANG_WARN_OBJC_ROOT_CLASS = YES_ERROR;
				CLANG_WARN_UNREACHABLE_CODE = YES;
				CLANG_WARN__DUPLICATE_METHOD_MATCH = YES;
				"CODE_SIGN_IDENTITY[sdk=iphoneos*]" = "iPhone Developer";
				COPY_PHASE_STRIP = NO;
				DEBUG_INFORMATION_FORMAT = "dwarf-with-dsym";
				ENABLE_NS_ASSERTIONS = NO;
				ENABLE_STRICT_OBJC_MSGSEND = YES;
				GCC_C_LANGUAGE_STANDARD = gnu99;
				GCC_NO_COMMON_BLOCKS = YES;
				GCC_WARN_64_TO_32_BIT_CONVERSION = YES;
				GCC_WARN_ABOUT_RETURN_TYPE = YES_ERROR;
				GCC_WARN_UNDECLARED_SELECTOR = YES;
				GCC_WARN_UNINITIALIZED_AUTOS = YES_AGGRESSIVE;
				GCC_WARN_UNUSED_FUNCTION = YES;
				GCC_WARN_UNUSED_VARIABLE = YES;
				IPHONEOS_DEPLOYMENT_TARGET = 9.2;
				MTL_ENABLE_DEBUG_INFO = NO;
				SDKROOT = iphoneos;
				TARGETED_DEVICE_FAMILY = "1,2";
				VALIDATE_PRODUCT = YES;
			};
			name = Release;
		};
		2610947D1CDAE3C40046348A /* Debug */ = {
			isa = XCBuildConfiguration;
			buildSettings = {
				ASSETCATALOG_COMPILER_APPICON_NAME = AppIcon;
				INFOPLIST_FILE = "网络-Network/Info.plist";
				LD_RUNPATH_SEARCH_PATHS = "$(inherited) @executable_path/Frameworks";
				PRODUCT_BUNDLE_IDENTIFIER = "eliteall.com.---Network";
				PRODUCT_NAME = "$(TARGET_NAME)";
			};
			name = Debug;
		};
		2610947E1CDAE3C40046348A /* Release */ = {
			isa = XCBuildConfiguration;
			buildSettings = {
				ASSETCATALOG_COMPILER_APPICON_NAME = AppIcon;
				INFOPLIST_FILE = "网络-Network/Info.plist";
				LD_RUNPATH_SEARCH_PATHS = "$(inherited) @executable_path/Frameworks";
				PRODUCT_BUNDLE_IDENTIFIER = "eliteall.com.---Network";
				PRODUCT_NAME = "$(TARGET_NAME)";
			};
			name = Release;
		};
/* End XCBuildConfiguration section */

/* Begin XCConfigurationList section */
		261094601CDAE3C40046348A /* Build configuration list for PBXProject "网络-Network" */ = {
			isa = XCConfigurationList;
			buildConfigurations = (
				2610947A1CDAE3C40046348A /* Debug */,
				2610947B1CDAE3C40046348A /* Release */,
			);
			defaultConfigurationIsVisible = 0;
			defaultConfigurationName = Release;
		};
		2610947C1CDAE3C40046348A /* Build configuration list for PBXNativeTarget "网络-Network" */ = {
			isa = XCConfigurationList;
			buildConfigurations = (
				2610947D1CDAE3C40046348A /* Debug */,
				2610947E1CDAE3C40046348A /* Release */,
			);
			defaultConfigurationIsVisible = 0;
		};
/* End XCConfigurationList section */
	};
	rootObject = 2610945D1CDAE3C40046348A /* Project object */;
}
