// !$*UTF8*$!
{
	archiveVersion = 1;
	classes = {
	};
	objectVersion = 46;
	objects = {

/* Begin PBXBuildFile section */
		9A83297A1CC9121E0072982A /* main.m in Sources */ = {isa = PBXBuildFile; fileRef = 9A8329791CC9121E0072982A /* main.m */; };
		9A83297D1CC9121E0072982A /* AppDelegate.m in Sources */ = {isa = PBXBuildFile; fileRef = 9A83297C1CC9121E0072982A /* AppDelegate.m */; };
		9A8329801CC9121E0072982A /* ViewController.m in Sources */ = {isa = PBXBuildFile; fileRef = 9A83297F1CC9121E0072982A /* ViewController.m */; };
		9A8329831CC9121E0072982A /* Main.storyboard in Resources */ = {isa = PBXBuildFile; fileRef = 9A8329811CC9121E0072982A /* Main.storyboard */; };
		9A8329851CC9121E0072982A /* Assets.xcassets in Resources */ = {isa = PBXBuildFile; fileRef = 9A8329841CC9121E0072982A /* Assets.xcassets */; };
		9A8329881CC9121E0072982A /* LaunchScreen.storyboard in Resources */ = {isa = PBXBuildFile; fileRef = 9A8329861CC9121E0072982A /* LaunchScreen.storyboard */; };
		9A8329911CC9210C0072982A /* Person.m in Sources */ = {isa = PBXBuildFile; fileRef = 9A8329901CC9210C0072982A /* Person.m */; };
/* End PBXBuildFile section */

/* Begin PBXFileReference section */
		9A8329751CC9121E0072982A /* Archiver-归档.app */ = {isa = PBXFileReference; explicitFileType = wrapper.application; includeInIndex = 0; path = "Archiver-归档.app"; sourceTree = BUILT_PRODUCTS_DIR; };
		9A8329791CC9121E0072982A /* main.m */ = {isa = PBXFileReference; lastKnownFileType = sourcecode.c.objc; path = main.m; sourceTree = "<group>"; };
		9A83297B1CC9121E0072982A /* AppDelegate.h */ = {isa = PBXFileReference; lastKnownFileType = sourcecode.c.h; path = AppDelegate.h; sourceTree = "<group>"; };
		9A83297C1CC9121E0072982A /* AppDelegate.m */ = {isa = PBXFileReference; lastKnownFileType = sourcecode.c.objc; path = AppDelegate.m; sourceTree = "<group>"; };
		9A83297E1CC9121E0072982A /* ViewController.h */ = {isa = PBXFileReference; lastKnownFileType = sourcecode.c.h; path = ViewController.h; sourceTree = "<group>"; };
		9A83297F1CC9121E0072982A /* ViewController.m */ = {isa = PBXFileReference; lastKnownFileType = sourcecode.c.objc; path = ViewController.m; sourceTree = "<group>"; };
		9A8329821CC9121E0072982A /* Base */ = {isa = PBXFileReference; lastKnownFileType = file.storyboard; name = Base; path = Base.lproj/Main.storyboard; sourceTree = "<group>"; };
		9A8329841CC9121E0072982A /* Assets.xcassets */ = {isa = PBXFileReference; lastKnownFileType = folder.assetcatalog; path = Assets.xcassets; sourceTree = "<group>"; };
		9A8329871CC9121E0072982A /* Base */ = {isa = PBXFileReference; lastKnownFileType = file.storyboard; name = Base; path = Base.lproj/LaunchScreen.storyboard; sourceTree = "<group>"; };
		9A8329891CC9121E0072982A /* Info.plist */ = {isa = PBXFileReference; lastKnownFileType = text.plist.xml; path = Info.plist; sourceTree = "<group>"; };
		9A83298F1CC9210C0072982A /* Person.h */ = {isa = PBXFileReference; fileEncoding = 4; lastKnownFileType = sourcecode.c.h; path = Person.h; sourceTree = "<group>"; };
		9A8329901CC9210C0072982A /* Person.m */ = {isa = PBXFileReference; fileEncoding = 4; lastKnownFileType = sourcecode.c.objc; path = Person.m; sourceTree = "<group>"; };
/* End PBXFileReference section */

/* Begin PBXFrameworksBuildPhase section */
		9A8329721CC9121E0072982A /* Frameworks */ = {
			isa = PBXFrameworksBuildPhase;
			buildActionMask = 2147483647;
			files = (
			);
			runOnlyForDeploymentPostprocessing = 0;
		};
/* End PBXFrameworksBuildPhase section */

/* Begin PBXGroup section */
		9A83296C1CC9121E0072982A = {
			isa = PBXGroup;
			children = (
				9A83298F1CC9210C0072982A /* Person.h */,
				9A8329901CC9210C0072982A /* Person.m */,
				9A8329771CC9121E0072982A /* Archiver-归档 */,
				9A8329761CC9121E0072982A /* Products */,
			);
			sourceTree = "<group>";
		};
		9A8329761CC9121E0072982A /* Products */ = {
			isa = PBXGroup;
			children = (
				9A8329751CC9121E0072982A /* Archiver-归档.app */,
			);
			name = Products;
			sourceTree = "<group>";
		};
		9A8329771CC9121E0072982A /* Archiver-归档 */ = {
			isa = PBXGroup;
			children = (
				9A83297B1CC9121E0072982A /* AppDelegate.h */,
				9A83297C1CC9121E0072982A /* AppDelegate.m */,
				9A83297E1CC9121E0072982A /* ViewController.h */,
				9A83297F1CC9121E0072982A /* ViewController.m */,
				9A8329811CC9121E0072982A /* Main.storyboard */,
				9A8329841CC9121E0072982A /* Assets.xcassets */,
				9A8329861CC9121E0072982A /* LaunchScreen.storyboard */,
				9A8329891CC9121E0072982A /* Info.plist */,
				9A8329781CC9121E0072982A /* Supporting Files */,
			);
			path = "Archiver-归档";
			sourceTree = "<group>";
		};
		9A8329781CC9121E0072982A /* Supporting Files */ = {
			isa = PBXGroup;
			children = (
				9A8329791CC9121E0072982A /* main.m */,
			);
			name = "Supporting Files";
			sourceTree = "<group>";
		};
/* End PBXGroup section */

/* Begin PBXNativeTarget section */
		9A8329741CC9121E0072982A /* Archiver-归档 */ = {
			isa = PBXNativeTarget;
			buildConfigurationList = 9A83298C1CC9121E0072982A /* Build configuration list for PBXNativeTarget "Archiver-归档" */;
			buildPhases = (
				9A8329711CC9121E0072982A /* Sources */,
				9A8329721CC9121E0072982A /* Frameworks */,
				9A8329731CC9121E0072982A /* Resources */,
			);
			buildRules = (
			);
			dependencies = (
			);
			name = "Archiver-归档";
			productName = "Archiver-归档";
			productReference = 9A8329751CC9121E0072982A /* Archiver-归档.app */;
			productType = "com.apple.product-type.application";
		};
/* End PBXNativeTarget section */

/* Begin PBXProject section */
		9A83296D1CC9121E0072982A /* Project object */ = {
			isa = PBXProject;
			attributes = {
				LastUpgradeCheck = 0720;
				ORGANIZATIONNAME = chenzhongsong;
				TargetAttributes = {
					9A8329741CC9121E0072982A = {
						CreatedOnToolsVersion = 7.2;
					};
				};
			};
			buildConfigurationList = 9A8329701CC9121E0072982A /* Build configuration list for PBXProject "Archiver-归档" */;
			compatibilityVersion = "Xcode 3.2";
			developmentRegion = English;
			hasScannedForEncodings = 0;
			knownRegions = (
				en,
				Base,
			);
			mainGroup = 9A83296C1CC9121E0072982A;
			productRefGroup = 9A8329761CC9121E0072982A /* Products */;
			projectDirPath = "";
			projectRoot = "";
			targets = (
				9A8329741CC9121E0072982A /* Archiver-归档 */,
			);
		};
/* End PBXProject section */

/* Begin PBXResourcesBuildPhase section */
		9A8329731CC9121E0072982A /* Resources */ = {
			isa = PBXResourcesBuildPhase;
			buildActionMask = 2147483647;
			files = (
				9A8329881CC9121E0072982A /* LaunchScreen.storyboard in Resources */,
				9A8329851CC9121E0072982A /* Assets.xcassets in Resources */,
				9A8329831CC9121E0072982A /* Main.storyboard in Resources */,
			);
			runOnlyForDeploymentPostprocessing = 0;
		};
/* End PBXResourcesBuildPhase section */

/* Begin PBXSourcesBuildPhase section */
		9A8329711CC9121E0072982A /* Sources */ = {
			isa = PBXSourcesBuildPhase;
			buildActionMask = 2147483647;
			files = (
				9A8329801CC9121E0072982A /* ViewController.m in Sources */,
				9A83297D1CC9121E0072982A /* AppDelegate.m in Sources */,
				9A8329911CC9210C0072982A /* Person.m in Sources */,
				9A83297A1CC9121E0072982A /* main.m in Sources */,
			);
			runOnlyForDeploymentPostprocessing = 0;
		};
/* End PBXSourcesBuildPhase section */

/* Begin PBXVariantGroup section */
		9A8329811CC9121E0072982A /* Main.storyboard */ = {
			isa = PBXVariantGroup;
			children = (
				9A8329821CC9121E0072982A /* Base */,
			);
			name = Main.storyboard;
			sourceTree = "<group>";
		};
		9A8329861CC9121E0072982A /* LaunchScreen.storyboard */ = {
			isa = PBXVariantGroup;
			children = (
				9A8329871CC9121E0072982A /* Base */,
			);
			name = LaunchScreen.storyboard;
			sourceTree = "<group>";
		};
/* End PBXVariantGroup section */

/* Begin XCBuildConfiguration section */
		9A83298A1CC9121E0072982A /* Debug */ = {
			isa = XCBuildConfiguration;
			buildSettings = {
				ALWAYS_SEARCH_USER_PATHS = NO;
				CLANG_CXX_LANGUAGE_STANDARD = "gnu++0x";
				CLANG_CXX_LIBRARY = "libc++";
				CLANG_ENABLE_MODULES = YES;
				CLANG_ENABLE_OBJC_ARC = YES;
				CLANG_WARN_BOOL_CONVERSION = YES;
				CLANG_WARN_CONSTANT_CONVERSION = YES;
				CLANG_WARN_DIRECT_OBJC_ISA_USAGE = YES_ERROR;
				CLANG_WARN_EMPTY_BODY = YES;
				CLANG_WARN_ENUM_CONVERSION = YES;
				CLANG_WARN_INT_CONVERSION = YES;
				CLANG_WARN_OBJC_ROOT_CLASS = YES_ERROR;
				CLANG_WARN_UNREACHABLE_CODE = YES;
				CLANG_WARN__DUPLICATE_METHOD_MATCH = YES;
				"CODE_SIGN_IDENTITY[sdk=iphoneos*]" = "iPhone Developer";
				COPY_PHASE_STRIP = NO;
				DEBUG_INFORMATION_FORMAT = dwarf;
				ENABLE_STRICT_OBJC_MSGSEND = YES;
				ENABLE_TESTABILITY = YES;
				GCC_C_LANGUAGE_STANDARD = gnu99;
				GCC_DYNAMIC_NO_PIC = NO;
				GCC_NO_COMMON_BLOCKS = YES;
				GCC_OPTIMIZATION_LEVEL = 0;
				GCC_PREPROCESSOR_DEFINITIONS = (
					"DEBUG=1",
					"$(inherited)",
				);
				GCC_WARN_64_TO_32_BIT_CONVERSION = YES;
				GCC_WARN_ABOUT_RETURN_TYPE = YES_ERROR;
				GCC_WARN_UNDECLARED_SELECTOR = YES;
				GCC_WARN_UNINITIALIZED_AUTOS = YES_AGGRESSIVE;
				GCC_WARN_UNUSED_FUNCTION = YES;
				GCC_WARN_UNUSED_VARIABLE = YES;
				IPHONEOS_DEPLOYMENT_TARGET = 9.2;
				MTL_ENABLE_DEBUG_INFO = YES;
				ONLY_ACTIVE_ARCH = YES;
				SDKROOT = iphoneos;
				TARGETED_DEVICE_FAMILY = "1,2";
			};
			name = Debug;
		};
		9A83298B1CC9121E0072982A /* Release */ = {
			isa = XCBuildConfiguration;
			buildSettings = {
				ALWAYS_SEARCH_USER_PATHS = NO;
				CLANG_CXX_LANGUAGE_STANDARD = "gnu++0x";
				CLANG_CXX_LIBRARY = "libc++";
				CLANG_ENABLE_MODULES = YES;
				CLANG_ENABLE_OBJC_ARC = YES;
				CLANG_WARN_BOOL_CONVERSION = YES;
				CLANG_WARN_CONSTANT_CONVERSION = YES;
				CLANG_WARN_DIRECT_OBJC_ISA_USAGE = YES_ERROR;
				CLANG_WARN_EMPTY_BODY = YES;
				CLANG_WARN_ENUM_CONVERSION = YES;
				CLANG_WARN_INT_CONVERSION = YES;
				CLANG_WARN_OBJC_ROOT_CLASS = YES_ERROR;
				CLANG_WARN_UNREACHABLE_CODE = YES;
				CLANG_WARN__DUPLICATE_METHOD_MATCH = YES;
				"CODE_SIGN_IDENTITY[sdk=iphoneos*]" = "iPhone Developer";
				COPY_PHASE_STRIP = NO;
				DEBUG_INFORMATION_FORMAT = "dwarf-with-dsym";
				ENABLE_NS_ASSERTIONS = NO;
				ENABLE_STRICT_OBJC_MSGSEND = YES;
				GCC_C_LANGUAGE_STANDARD = gnu99;
				GCC_NO_COMMON_BLOCKS = YES;
				GCC_WARN_64_TO_32_BIT_CONVERSION = YES;
				GCC_WARN_ABOUT_RETURN_TYPE = YES_ERROR;
				GCC_WARN_UNDECLARED_SELECTOR = YES;
				GCC_WARN_UNINITIALIZED_AUTOS = YES_AGGRESSIVE;
				GCC_WARN_UNUSED_FUNCTION = YES;
				GCC_WARN_UNUSED_VARIABLE = YES;
				IPHONEOS_DEPLOYMENT_TARGET = 9.2;
				MTL_ENABLE_DEBUG_INFO = NO;
				SDKROOT = iphoneos;
				TARGETED_DEVICE_FAMILY = "1,2";
				VALIDATE_PRODUCT = YES;
			};
			name = Release;
		};
		9A83298D1CC9121E0072982A /* Debug */ = {
			isa = XCBuildConfiguration;
			buildSettings = {
				ASSETCATALOG_COMPILER_APPICON_NAME = AppIcon;
				INFOPLIST_FILE = "Archiver-归档/Info.plist";
				LD_RUNPATH_SEARCH_PATHS = "$(inherited) @executable_path/Frameworks";
				PRODUCT_BUNDLE_IDENTIFIER = "czs.Archiver---";
				PRODUCT_NAME = "$(TARGET_NAME)";
			};
			name = Debug;
		};
		9A83298E1CC9121E0072982A /* Release */ = {
			isa = XCBuildConfiguration;
			buildSettings = {
				ASSETCATALOG_COMPILER_APPICON_NAME = AppIcon;
				INFOPLIST_FILE = "Archiver-归档/Info.plist";
				LD_RUNPATH_SEARCH_PATHS = "$(inherited) @executable_path/Frameworks";
				PRODUCT_BUNDLE_IDENTIFIER = "czs.Archiver---";
				PRODUCT_NAME = "$(TARGET_NAME)";
			};
			name = Release;
		};
/* End XCBuildConfiguration section */

/* Begin XCConfigurationList section */
		9A8329701CC9121E0072982A /* Build configuration list for PBXProject "Archiver-归档" */ = {
			isa = XCConfigurationList;
			buildConfigurations = (
				9A83298A1CC9121E0072982A /* Debug */,
				9A83298B1CC9121E0072982A /* Release */,
			);
			defaultConfigurationIsVisible = 0;
			defaultConfigurationName = Release;
		};
		9A83298C1CC9121E0072982A /* Build configuration list for PBXNativeTarget "Archiver-归档" */ = {
			isa = XCConfigurationList;
			buildConfigurations = (
				9A83298D1CC9121E0072982A /* Debug */,
				9A83298E1CC9121E0072982A /* Release */,
			);
			defaultConfigurationIsVisible = 0;
			defaultConfigurationName = Release;
		};
/* End XCConfigurationList section */
	};
	rootObject = 9A83296D1CC9121E0072982A /* Project object */;
}
