// !$*UTF8*$!
{
	archiveVersion = 1;
	classes = {
	};
	objectVersion = 46;
	objects = {

/* Begin PBXBuildFile section */
		4F2CF12F1C47360D002CBEDD /* main.m in Sources */ = {isa = PBXBuildFile; fileRef = 4F2CF12E1C47360D002CBEDD /* main.m */; };
		4F2CF1321C47360D002CBEDD /* AppDelegate.m in Sources */ = {isa = PBXBuildFile; fileRef = 4F2CF1311C47360D002CBEDD /* AppDelegate.m */; };
		4F2CF1351C47360D002CBEDD /* ViewController.m in Sources */ = {isa = PBXBuildFile; fileRef = 4F2CF1341C47360D002CBEDD /* ViewController.m */; };
		4F2CF1381C47360D002CBEDD /* Main.storyboard in Resources */ = {isa = PBXBuildFile; fileRef = 4F2CF1361C47360D002CBEDD /* Main.storyboard */; };
		4F2CF13A1C47360D002CBEDD /* Assets.xcassets in Resources */ = {isa = PBXBuildFile; fileRef = 4F2CF1391C47360D002CBEDD /* Assets.xcassets */; };
		4F2CF13D1C47360D002CBEDD /* LaunchScreen.storyboard in Resources */ = {isa = PBXBuildFile; fileRef = 4F2CF13B1C47360D002CBEDD /* LaunchScreen.storyboard */; };
		4F2CF1461C47364C002CBEDD /* Reachability.m in Sources */ = {isa = PBXBuildFile; fileRef = 4F2CF1451C47364C002CBEDD /* Reachability.m */; };
/* End PBXBuildFile section */

/* Begin PBXFileReference section */
		4F2CF12A1C47360D002CBEDD /* ReachabilityDemo.app */ = {isa = PBXFileReference; explicitFileType = wrapper.application; includeInIndex = 0; path = ReachabilityDemo.app; sourceTree = BUILT_PRODUCTS_DIR; };
		4F2CF12E1C47360D002CBEDD /* main.m */ = {isa = PBXFileReference; lastKnownFileType = sourcecode.c.objc; path = main.m; sourceTree = "<group>"; };
		4F2CF1301C47360D002CBEDD /* AppDelegate.h */ = {isa = PBXFileReference; lastKnownFileType = sourcecode.c.h; path = AppDelegate.h; sourceTree = "<group>"; };
		4F2CF1311C47360D002CBEDD /* AppDelegate.m */ = {isa = PBXFileReference; lastKnownFileType = sourcecode.c.objc; path = AppDelegate.m; sourceTree = "<group>"; };
		4F2CF1331C47360D002CBEDD /* ViewController.h */ = {isa = PBXFileReference; lastKnownFileType = sourcecode.c.h; path = ViewController.h; sourceTree = "<group>"; };
		4F2CF1341C47360D002CBEDD /* ViewController.m */ = {isa = PBXFileReference; lastKnownFileType = sourcecode.c.objc; path = ViewController.m; sourceTree = "<group>"; };
		4F2CF1371C47360D002CBEDD /* Base */ = {isa = PBXFileReference; lastKnownFileType = file.storyboard; name = Base; path = Base.lproj/Main.storyboard; sourceTree = "<group>"; };
		4F2CF1391C47360D002CBEDD /* Assets.xcassets */ = {isa = PBXFileReference; lastKnownFileType = folder.assetcatalog; path = Assets.xcassets; sourceTree = "<group>"; };
		4F2CF13C1C47360D002CBEDD /* Base */ = {isa = PBXFileReference; lastKnownFileType = file.storyboard; name = Base; path = Base.lproj/LaunchScreen.storyboard; sourceTree = "<group>"; };
		4F2CF13E1C47360D002CBEDD /* Info.plist */ = {isa = PBXFileReference; lastKnownFileType = text.plist.xml; path = Info.plist; sourceTree = "<group>"; };
		4F2CF1441C47364C002CBEDD /* Reachability.h */ = {isa = PBXFileReference; fileEncoding = 4; lastKnownFileType = sourcecode.c.h; path = Reachability.h; sourceTree = "<group>"; };
		4F2CF1451C47364C002CBEDD /* Reachability.m */ = {isa = PBXFileReference; fileEncoding = 4; lastKnownFileType = sourcecode.c.objc; path = Reachability.m; sourceTree = "<group>"; };
/* End PBXFileReference section */

/* Begin PBXFrameworksBuildPhase section */
		4F2CF1271C47360D002CBEDD /* Frameworks */ = {
			isa = PBXFrameworksBuildPhase;
			buildActionMask = 2147483647;
			files = (
			);
			runOnlyForDeploymentPostprocessing = 0;
		};
/* End PBXFrameworksBuildPhase section */

/* Begin PBXGroup section */
		4F2CF1211C47360D002CBEDD = {
			isa = PBXGroup;
			children = (
				4F2CF12C1C47360D002CBEDD /* ReachabilityDemo */,
				4F2CF12B1C47360D002CBEDD /* Products */,
			);
			sourceTree = "<group>";
		};
		4F2CF12B1C47360D002CBEDD /* Products */ = {
			isa = PBXGroup;
			children = (
				4F2CF12A1C47360D002CBEDD /* ReachabilityDemo.app */,
			);
			name = Products;
			sourceTree = "<group>";
		};
		4F2CF12C1C47360D002CBEDD /* ReachabilityDemo */ = {
			isa = PBXGroup;
			children = (
				4F2CF1471C4752B5002CBEDD /* Reachability */,
				4F2CF1301C47360D002CBEDD /* AppDelegate.h */,
				4F2CF1311C47360D002CBEDD /* AppDelegate.m */,
				4F2CF1331C47360D002CBEDD /* ViewController.h */,
				4F2CF1341C47360D002CBEDD /* ViewController.m */,
				4F2CF1361C47360D002CBEDD /* Main.storyboard */,
				4F2CF1391C47360D002CBEDD /* Assets.xcassets */,
				4F2CF13B1C47360D002CBEDD /* LaunchScreen.storyboard */,
				4F2CF13E1C47360D002CBEDD /* Info.plist */,
				4F2CF12D1C47360D002CBEDD /* Supporting Files */,
			);
			path = ReachabilityDemo;
			sourceTree = "<group>";
		};
		4F2CF12D1C47360D002CBEDD /* Supporting Files */ = {
			isa = PBXGroup;
			children = (
				4F2CF12E1C47360D002CBEDD /* main.m */,
			);
			name = "Supporting Files";
			sourceTree = "<group>";
		};
		4F2CF1471C4752B5002CBEDD /* Reachability */ = {
			isa = PBXGroup;
			children = (
				4F2CF1441C47364C002CBEDD /* Reachability.h */,
				4F2CF1451C47364C002CBEDD /* Reachability.m */,
			);
			name = Reachability;
			sourceTree = "<group>";
		};
/* End PBXGroup section */

/* Begin PBXNativeTarget section */
		4F2CF1291C47360D002CBEDD /* ReachabilityDemo */ = {
			isa = PBXNativeTarget;
			buildConfigurationList = 4F2CF1411C47360D002CBEDD /* Build configuration list for PBXNativeTarget "ReachabilityDemo" */;
			buildPhases = (
				4F2CF1261C47360D002CBEDD /* Sources */,
				4F2CF1271C47360D002CBEDD /* Frameworks */,
				4F2CF1281C47360D002CBEDD /* Resources */,
			);
			buildRules = (
			);
			dependencies = (
			);
			name = ReachabilityDemo;
			productName = ReachabilityDemo;
			productReference = 4F2CF12A1C47360D002CBEDD /* ReachabilityDemo.app */;
			productType = "com.apple.product-type.application";
		};
/* End PBXNativeTarget section */

/* Begin PBXProject section */
		4F2CF1221C47360D002CBEDD /* Project object */ = {
			isa = PBXProject;
			attributes = {
				LastUpgradeCheck = 0720;
				ORGANIZATIONNAME = "Mr_辉";
				TargetAttributes = {
					4F2CF1291C47360D002CBEDD = {
						CreatedOnToolsVersion = 7.2;
						DevelopmentTeam = 62Q9855255;
					};
				};
			};
			buildConfigurationList = 4F2CF1251C47360D002CBEDD /* Build configuration list for PBXProject "ReachabilityDemo" */;
			compatibilityVersion = "Xcode 3.2";
			developmentRegion = English;
			hasScannedForEncodings = 0;
			knownRegions = (
				en,
				Base,
			);
			mainGroup = 4F2CF1211C47360D002CBEDD;
			productRefGroup = 4F2CF12B1C47360D002CBEDD /* Products */;
			projectDirPath = "";
			projectRoot = "";
			targets = (
				4F2CF1291C47360D002CBEDD /* ReachabilityDemo */,
			);
		};
/* End PBXProject section */

/* Begin PBXResourcesBuildPhase section */
		4F2CF1281C47360D002CBEDD /* Resources */ = {
			isa = PBXResourcesBuildPhase;
			buildActionMask = 2147483647;
			files = (
				4F2CF13D1C47360D002CBEDD /* LaunchScreen.storyboard in Resources */,
				4F2CF13A1C47360D002CBEDD /* Assets.xcassets in Resources */,
				4F2CF1381C47360D002CBEDD /* Main.storyboard in Resources */,
			);
			runOnlyForDeploymentPostprocessing = 0;
		};
/* End PBXResourcesBuildPhase section */

/* Begin PBXSourcesBuildPhase section */
		4F2CF1261C47360D002CBEDD /* Sources */ = {
			isa = PBXSourcesBuildPhase;
			buildActionMask = 2147483647;
			files = (
				4F2CF1351C47360D002CBEDD /* ViewController.m in Sources */,
				4F2CF1321C47360D002CBEDD /* AppDelegate.m in Sources */,
				4F2CF1461C47364C002CBEDD /* Reachability.m in Sources */,
				4F2CF12F1C47360D002CBEDD /* main.m in Sources */,
			);
			runOnlyForDeploymentPostprocessing = 0;
		};
/* End PBXSourcesBuildPhase section */

/* Begin PBXVariantGroup section */
		4F2CF1361C47360D002CBEDD /* Main.storyboard */ = {
			isa = PBXVariantGroup;
			children = (
				4F2CF1371C47360D002CBEDD /* Base */,
			);
			name = Main.storyboard;
			sourceTree = "<group>";
		};
		4F2CF13B1C47360D002CBEDD /* LaunchScreen.storyboard */ = {
			isa = PBXVariantGroup;
			children = (
				4F2CF13C1C47360D002CBEDD /* Base */,
			);
			name = LaunchScreen.storyboard;
			sourceTree = "<group>";
		};
/* End PBXVariantGroup section */

/* Begin XCBuildConfiguration section */
		4F2CF13F1C47360D002CBEDD /* Debug */ = {
			isa = XCBuildConfiguration;
			buildSettings = {
				ALWAYS_SEARCH_USER_PATHS = NO;
				CLANG_CXX_LANGUAGE_STANDARD = "gnu++0x";
				CLANG_CXX_LIBRARY = "libc++";
				CLANG_ENABLE_MODULES = YES;
				CLANG_ENABLE_OBJC_ARC = YES;
				CLANG_WARN_BOOL_CONVERSION = YES;
				CLANG_WARN_CONSTANT_CONVERSION = YES;
				CLANG_WARN_DIRECT_OBJC_ISA_USAGE = YES_ERROR;
				CLANG_WARN_EMPTY_BODY = YES;
				CLANG_WARN_ENUM_CONVERSION = YES;
				CLANG_WARN_INT_CONVERSION = YES;
				CLANG_WARN_OBJC_ROOT_CLASS = YES_ERROR;
				CLANG_WARN_UNREACHABLE_CODE = YES;
				CLANG_WARN__DUPLICATE_METHOD_MATCH = YES;
				"CODE_SIGN_IDENTITY[sdk=iphoneos*]" = "iPhone Developer";
				COPY_PHASE_STRIP = NO;
				DEBUG_INFORMATION_FORMAT = dwarf;
				ENABLE_STRICT_OBJC_MSGSEND = YES;
				ENABLE_TESTABILITY = YES;
				GCC_C_LANGUAGE_STANDARD = gnu99;
				GCC_DYNAMIC_NO_PIC = NO;
				GCC_NO_COMMON_BLOCKS = YES;
				GCC_OPTIMIZATION_LEVEL = 0;
				GCC_PREPROCESSOR_DEFINITIONS = (
					"DEBUG=1",
					"$(inherited)",
				);
				GCC_WARN_64_TO_32_BIT_CONVERSION = YES;
				GCC_WARN_ABOUT_RETURN_TYPE = YES_ERROR;
				GCC_WARN_UNDECLARED_SELECTOR = YES;
				GCC_WARN_UNINITIALIZED_AUTOS = YES_AGGRESSIVE;
				GCC_WARN_UNUSED_FUNCTION = YES;
				GCC_WARN_UNUSED_VARIABLE = YES;
				IPHONEOS_DEPLOYMENT_TARGET = 9.2;
				MTL_ENABLE_DEBUG_INFO = YES;
				ONLY_ACTIVE_ARCH = YES;
				SDKROOT = iphoneos;
			};
			name = Debug;
		};
		4F2CF1401C47360D002CBEDD /* Release */ = {
			isa = XCBuildConfiguration;
			buildSettings = {
				ALWAYS_SEARCH_USER_PATHS = NO;
				CLANG_CXX_LANGUAGE_STANDARD = "gnu++0x";
				CLANG_CXX_LIBRARY = "libc++";
				CLANG_ENABLE_MODULES = YES;
				CLANG_ENABLE_OBJC_ARC = YES;
				CLANG_WARN_BOOL_CONVERSION = YES;
				CLANG_WARN_CONSTANT_CONVERSION = YES;
				CLANG_WARN_DIRECT_OBJC_ISA_USAGE = YES_ERROR;
				CLANG_WARN_EMPTY_BODY = YES;
				CLANG_WARN_ENUM_CONVERSION = YES;
				CLANG_WARN_INT_CONVERSION = YES;
				CLANG_WARN_OBJC_ROOT_CLASS = YES_ERROR;
				CLANG_WARN_UNREACHABLE_CODE = YES;
				CLANG_WARN__DUPLICATE_METHOD_MATCH = YES;
				"CODE_SIGN_IDENTITY[sdk=iphoneos*]" = "iPhone Developer";
				COPY_PHASE_STRIP = NO;
				DEBUG_INFORMATION_FORMAT = "dwarf-with-dsym";
				ENABLE_NS_ASSERTIONS = NO;
				ENABLE_STRICT_OBJC_MSGSEND = YES;
				GCC_C_LANGUAGE_STANDARD = gnu99;
				GCC_NO_COMMON_BLOCKS = YES;
				GCC_WARN_64_TO_32_BIT_CONVERSION = YES;
				GCC_WARN_ABOUT_RETURN_TYPE = YES_ERROR;
				GCC_WARN_UNDECLARED_SELECTOR = YES;
				GCC_WARN_UNINITIALIZED_AUTOS = YES_AGGRESSIVE;
				GCC_WARN_UNUSED_FUNCTION = YES;
				GCC_WARN_UNUSED_VARIABLE = YES;
				IPHONEOS_DEPLOYMENT_TARGET = 9.2;
				MTL_ENABLE_DEBUG_INFO = NO;
				SDKROOT = iphoneos;
				VALIDATE_PRODUCT = YES;
			};
			name = Release;
		};
		4F2CF1421C47360D002CBEDD /* Debug */ = {
			isa = XCBuildConfiguration;
			buildSettings = {
				ASSETCATALOG_COMPILER_APPICON_NAME = AppIcon;
				CODE_SIGN_IDENTITY = "iPhone Developer";
				"CODE_SIGN_IDENTITY[sdk=iphoneos*]" = "iPhone Developer";
				INFOPLIST_FILE = ReachabilityDemo/Info.plist;
				IPHONEOS_DEPLOYMENT_TARGET = 7.0;
				LD_RUNPATH_SEARCH_PATHS = "$(inherited) @executable_path/Frameworks";
				PRODUCT_BUNDLE_IDENTIFIER = edu.hcit.ReachabilityDemo;
				PRODUCT_NAME = "$(TARGET_NAME)";
				PROVISIONING_PROFILE = "";
			};
			name = Debug;
		};
		4F2CF1431C47360D002CBEDD /* Release */ = {
			isa = XCBuildConfiguration;
			buildSettings = {
				ASSETCATALOG_COMPILER_APPICON_NAME = AppIcon;
				CODE_SIGN_IDENTITY = "iPhone Developer";
				"CODE_SIGN_IDENTITY[sdk=iphoneos*]" = "iPhone Developer";
				INFOPLIST_FILE = ReachabilityDemo/Info.plist;
				IPHONEOS_DEPLOYMENT_TARGET = 7.0;
				LD_RUNPATH_SEARCH_PATHS = "$(inherited) @executable_path/Frameworks";
				PRODUCT_BUNDLE_IDENTIFIER = edu.hcit.ReachabilityDemo;
				PRODUCT_NAME = "$(TARGET_NAME)";
				PROVISIONING_PROFILE = "";
			};
			name = Release;
		};
/* End XCBuildConfiguration section */

/* Begin XCConfigurationList section */
		4F2CF1251C47360D002CBEDD /* Build configuration list for PBXProject "ReachabilityDemo" */ = {
			isa = XCConfigurationList;
			buildConfigurations = (
				4F2CF13F1C47360D002CBEDD /* Debug */,
				4F2CF1401C47360D002CBEDD /* Release */,
			);
			defaultConfigurationIsVisible = 0;
			defaultConfigurationName = Release;
		};
		4F2CF1411C47360D002CBEDD /* Build configuration list for PBXNativeTarget "ReachabilityDemo" */ = {
			isa = XCConfigurationList;
			buildConfigurations = (
				4F2CF1421C47360D002CBEDD /* Debug */,
				4F2CF1431C47360D002CBEDD /* Release */,
			);
			defaultConfigurationIsVisible = 0;
			defaultConfigurationName = Release;
		};
/* End XCConfigurationList section */
	};
	rootObject = 4F2CF1221C47360D002CBEDD /* Project object */;
}
