// !$*UTF8*$!
{
	archiveVersion = 1;
	classes = {
	};
	objectVersion = 46;
	objects = {

/* Begin PBXBuildFile section */
		26B096161CD367E9006B9E1C /* main.m in Sources */ = {isa = PBXBuildFile; fileRef = 26B096151CD367E9006B9E1C /* main.m */; };
		26B096191CD367E9006B9E1C /* AppDelegate.m in Sources */ = {isa = PBXBuildFile; fileRef = 26B096181CD367E9006B9E1C /* AppDelegate.m */; };
		26B0961C1CD367E9006B9E1C /* ViewController.m in Sources */ = {isa = PBXBuildFile; fileRef = 26B0961B1CD367E9006B9E1C /* ViewController.m */; };
		26B0961F1CD367E9006B9E1C /* Main.storyboard in Resources */ = {isa = PBXBuildFile; fileRef = 26B0961D1CD367E9006B9E1C /* Main.storyboard */; };
		26B096211CD367E9006B9E1C /* Assets.xcassets in Resources */ = {isa = PBXBuildFile; fileRef = 26B096201CD367E9006B9E1C /* Assets.xcassets */; };
		26B096241CD367E9006B9E1C /* LaunchScreen.storyboard in Resources */ = {isa = PBXBuildFile; fileRef = 26B096221CD367E9006B9E1C /* LaunchScreen.storyboard */; };
		26B0962D1CD36911006B9E1C /* SecondViewController.m in Sources */ = {isa = PBXBuildFile; fileRef = 26B0962C1CD36911006B9E1C /* SecondViewController.m */; };
		26B096311CD857B8006B9E1C /* OneViewController.m in Sources */ = {isa = PBXBuildFile; fileRef = 26B096301CD857B8006B9E1C /* OneViewController.m */; };
		26B096341CD857C4006B9E1C /* TwoViewController.m in Sources */ = {isa = PBXBuildFile; fileRef = 26B096331CD857C4006B9E1C /* TwoViewController.m */; };
		26B096371CD857D1006B9E1C /* ThreeViewController.m in Sources */ = {isa = PBXBuildFile; fileRef = 26B096361CD857D1006B9E1C /* ThreeViewController.m */; };
		26B0963A1CD857E7006B9E1C /* FourViewController.m in Sources */ = {isa = PBXBuildFile; fileRef = 26B096391CD857E7006B9E1C /* FourViewController.m */; };
		26B0963D1CD857FC006B9E1C /* FiveViewController.m in Sources */ = {isa = PBXBuildFile; fileRef = 26B0963C1CD857FC006B9E1C /* FiveViewController.m */; };
		26B096401CD85808006B9E1C /* SixViewController.m in Sources */ = {isa = PBXBuildFile; fileRef = 26B0963F1CD85808006B9E1C /* SixViewController.m */; };
		26B096431CD85835006B9E1C /* MyTabBarController.m in Sources */ = {isa = PBXBuildFile; fileRef = 26B096421CD85835006B9E1C /* MyTabBarController.m */; };
/* End PBXBuildFile section */

/* Begin PBXFileReference section */
		26B096111CD367E9006B9E1C /* UITabBarController.app */ = {isa = PBXFileReference; explicitFileType = wrapper.application; includeInIndex = 0; path = UITabBarController.app; sourceTree = BUILT_PRODUCTS_DIR; };
		26B096151CD367E9006B9E1C /* main.m */ = {isa = PBXFileReference; lastKnownFileType = sourcecode.c.objc; path = main.m; sourceTree = "<group>"; };
		26B096171CD367E9006B9E1C /* AppDelegate.h */ = {isa = PBXFileReference; lastKnownFileType = sourcecode.c.h; path = AppDelegate.h; sourceTree = "<group>"; };
		26B096181CD367E9006B9E1C /* AppDelegate.m */ = {isa = PBXFileReference; lastKnownFileType = sourcecode.c.objc; path = AppDelegate.m; sourceTree = "<group>"; };
		26B0961A1CD367E9006B9E1C /* ViewController.h */ = {isa = PBXFileReference; lastKnownFileType = sourcecode.c.h; path = ViewController.h; sourceTree = "<group>"; };
		26B0961B1CD367E9006B9E1C /* ViewController.m */ = {isa = PBXFileReference; lastKnownFileType = sourcecode.c.objc; path = ViewController.m; sourceTree = "<group>"; };
		26B0961E1CD367E9006B9E1C /* Base */ = {isa = PBXFileReference; lastKnownFileType = file.storyboard; name = Base; path = Base.lproj/Main.storyboard; sourceTree = "<group>"; };
		26B096201CD367E9006B9E1C /* Assets.xcassets */ = {isa = PBXFileReference; lastKnownFileType = folder.assetcatalog; path = Assets.xcassets; sourceTree = "<group>"; };
		26B096231CD367E9006B9E1C /* Base */ = {isa = PBXFileReference; lastKnownFileType = file.storyboard; name = Base; path = Base.lproj/LaunchScreen.storyboard; sourceTree = "<group>"; };
		26B096251CD367E9006B9E1C /* Info.plist */ = {isa = PBXFileReference; lastKnownFileType = text.plist.xml; path = Info.plist; sourceTree = "<group>"; };
		26B0962B1CD36911006B9E1C /* SecondViewController.h */ = {isa = PBXFileReference; fileEncoding = 4; lastKnownFileType = sourcecode.c.h; path = SecondViewController.h; sourceTree = "<group>"; };
		26B0962C1CD36911006B9E1C /* SecondViewController.m */ = {isa = PBXFileReference; fileEncoding = 4; lastKnownFileType = sourcecode.c.objc; path = SecondViewController.m; sourceTree = "<group>"; };
		26B0962F1CD857B8006B9E1C /* OneViewController.h */ = {isa = PBXFileReference; fileEncoding = 4; lastKnownFileType = sourcecode.c.h; path = OneViewController.h; sourceTree = "<group>"; };
		26B096301CD857B8006B9E1C /* OneViewController.m */ = {isa = PBXFileReference; fileEncoding = 4; lastKnownFileType = sourcecode.c.objc; path = OneViewController.m; sourceTree = "<group>"; };
		26B096321CD857C4006B9E1C /* TwoViewController.h */ = {isa = PBXFileReference; fileEncoding = 4; lastKnownFileType = sourcecode.c.h; path = TwoViewController.h; sourceTree = "<group>"; };
		26B096331CD857C4006B9E1C /* TwoViewController.m */ = {isa = PBXFileReference; fileEncoding = 4; lastKnownFileType = sourcecode.c.objc; path = TwoViewController.m; sourceTree = "<group>"; };
		26B096351CD857D1006B9E1C /* ThreeViewController.h */ = {isa = PBXFileReference; fileEncoding = 4; lastKnownFileType = sourcecode.c.h; path = ThreeViewController.h; sourceTree = "<group>"; };
		26B096361CD857D1006B9E1C /* ThreeViewController.m */ = {isa = PBXFileReference; fileEncoding = 4; lastKnownFileType = sourcecode.c.objc; path = ThreeViewController.m; sourceTree = "<group>"; };
		26B096381CD857E7006B9E1C /* FourViewController.h */ = {isa = PBXFileReference; fileEncoding = 4; lastKnownFileType = sourcecode.c.h; path = FourViewController.h; sourceTree = "<group>"; };
		26B096391CD857E7006B9E1C /* FourViewController.m */ = {isa = PBXFileReference; fileEncoding = 4; lastKnownFileType = sourcecode.c.objc; path = FourViewController.m; sourceTree = "<group>"; };
		26B0963B1CD857FC006B9E1C /* FiveViewController.h */ = {isa = PBXFileReference; fileEncoding = 4; lastKnownFileType = sourcecode.c.h; path = FiveViewController.h; sourceTree = "<group>"; };
		26B0963C1CD857FC006B9E1C /* FiveViewController.m */ = {isa = PBXFileReference; fileEncoding = 4; lastKnownFileType = sourcecode.c.objc; path = FiveViewController.m; sourceTree = "<group>"; };
		26B0963E1CD85808006B9E1C /* SixViewController.h */ = {isa = PBXFileReference; fileEncoding = 4; lastKnownFileType = sourcecode.c.h; path = SixViewController.h; sourceTree = "<group>"; };
		26B0963F1CD85808006B9E1C /* SixViewController.m */ = {isa = PBXFileReference; fileEncoding = 4; lastKnownFileType = sourcecode.c.objc; path = SixViewController.m; sourceTree = "<group>"; };
		26B096411CD85835006B9E1C /* MyTabBarController.h */ = {isa = PBXFileReference; fileEncoding = 4; lastKnownFileType = sourcecode.c.h; path = MyTabBarController.h; sourceTree = "<group>"; };
		26B096421CD85835006B9E1C /* MyTabBarController.m */ = {isa = PBXFileReference; fileEncoding = 4; lastKnownFileType = sourcecode.c.objc; path = MyTabBarController.m; sourceTree = "<group>"; };
/* End PBXFileReference section */

/* Begin PBXFrameworksBuildPhase section */
		26B0960E1CD367E9006B9E1C /* Frameworks */ = {
			isa = PBXFrameworksBuildPhase;
			buildActionMask = 2147483647;
			files = (
			);
			runOnlyForDeploymentPostprocessing = 0;
		};
/* End PBXFrameworksBuildPhase section */

/* Begin PBXGroup section */
		26B096081CD367E9006B9E1C = {
			isa = PBXGroup;
			children = (
				26B096131CD367E9006B9E1C /* UITabBarController */,
				26B096121CD367E9006B9E1C /* Products */,
			);
			sourceTree = "<group>";
		};
		26B096121CD367E9006B9E1C /* Products */ = {
			isa = PBXGroup;
			children = (
				26B096111CD367E9006B9E1C /* UITabBarController.app */,
			);
			name = Products;
			sourceTree = "<group>";
		};
		26B096131CD367E9006B9E1C /* UITabBarController */ = {
			isa = PBXGroup;
			children = (
				26B096411CD85835006B9E1C /* MyTabBarController.h */,
				26B096421CD85835006B9E1C /* MyTabBarController.m */,
				26B0962E1CD857A3006B9E1C /* ViewControllers */,
				26B096171CD367E9006B9E1C /* AppDelegate.h */,
				26B096181CD367E9006B9E1C /* AppDelegate.m */,
				26B0961A1CD367E9006B9E1C /* ViewController.h */,
				26B0961B1CD367E9006B9E1C /* ViewController.m */,
				26B0962B1CD36911006B9E1C /* SecondViewController.h */,
				26B0962C1CD36911006B9E1C /* SecondViewController.m */,
				26B0961D1CD367E9006B9E1C /* Main.storyboard */,
				26B096201CD367E9006B9E1C /* Assets.xcassets */,
				26B096221CD367E9006B9E1C /* LaunchScreen.storyboard */,
				26B096251CD367E9006B9E1C /* Info.plist */,
				26B096141CD367E9006B9E1C /* Supporting Files */,
			);
			path = UITabBarController;
			sourceTree = "<group>";
		};
		26B096141CD367E9006B9E1C /* Supporting Files */ = {
			isa = PBXGroup;
			children = (
				26B096151CD367E9006B9E1C /* main.m */,
			);
			name = "Supporting Files";
			sourceTree = "<group>";
		};
		26B0962E1CD857A3006B9E1C /* ViewControllers */ = {
			isa = PBXGroup;
			children = (
				26B0962F1CD857B8006B9E1C /* OneViewController.h */,
				26B096301CD857B8006B9E1C /* OneViewController.m */,
				26B096321CD857C4006B9E1C /* TwoViewController.h */,
				26B096331CD857C4006B9E1C /* TwoViewController.m */,
				26B096351CD857D1006B9E1C /* ThreeViewController.h */,
				26B096361CD857D1006B9E1C /* ThreeViewController.m */,
				26B096381CD857E7006B9E1C /* FourViewController.h */,
				26B096391CD857E7006B9E1C /* FourViewController.m */,
				26B0963B1CD857FC006B9E1C /* FiveViewController.h */,
				26B0963C1CD857FC006B9E1C /* FiveViewController.m */,
				26B0963E1CD85808006B9E1C /* SixViewController.h */,
				26B0963F1CD85808006B9E1C /* SixViewController.m */,
			);
			name = ViewControllers;
			sourceTree = "<group>";
		};
/* End PBXGroup section */

/* Begin PBXNativeTarget section */
		26B096101CD367E9006B9E1C /* UITabBarController */ = {
			isa = PBXNativeTarget;
			buildConfigurationList = 26B096281CD367E9006B9E1C /* Build configuration list for PBXNativeTarget "UITabBarController" */;
			buildPhases = (
				26B0960D1CD367E9006B9E1C /* Sources */,
				26B0960E1CD367E9006B9E1C /* Frameworks */,
				26B0960F1CD367E9006B9E1C /* Resources */,
			);
			buildRules = (
			);
			dependencies = (
			);
			name = UITabBarController;
			productName = UITabBarController;
			productReference = 26B096111CD367E9006B9E1C /* UITabBarController.app */;
			productType = "com.apple.product-type.application";
		};
/* End PBXNativeTarget section */

/* Begin PBXProject section */
		26B096091CD367E9006B9E1C /* Project object */ = {
			isa = PBXProject;
			attributes = {
				LastUpgradeCheck = 0720;
				ORGANIZATIONNAME = chenzhongsong;
				TargetAttributes = {
					26B096101CD367E9006B9E1C = {
						CreatedOnToolsVersion = 7.2.1;
					};
				};
			};
			buildConfigurationList = 26B0960C1CD367E9006B9E1C /* Build configuration list for PBXProject "UITabBarController" */;
			compatibilityVersion = "Xcode 3.2";
			developmentRegion = English;
			hasScannedForEncodings = 0;
			knownRegions = (
				en,
				Base,
			);
			mainGroup = 26B096081CD367E9006B9E1C;
			productRefGroup = 26B096121CD367E9006B9E1C /* Products */;
			projectDirPath = "";
			projectRoot = "";
			targets = (
				26B096101CD367E9006B9E1C /* UITabBarController */,
			);
		};
/* End PBXProject section */

/* Begin PBXResourcesBuildPhase section */
		26B0960F1CD367E9006B9E1C /* Resources */ = {
			isa = PBXResourcesBuildPhase;
			buildActionMask = 2147483647;
			files = (
				26B096241CD367E9006B9E1C /* LaunchScreen.storyboard in Resources */,
				26B096211CD367E9006B9E1C /* Assets.xcassets in Resources */,
				26B0961F1CD367E9006B9E1C /* Main.storyboard in Resources */,
			);
			runOnlyForDeploymentPostprocessing = 0;
		};
/* End PBXResourcesBuildPhase section */

/* Begin PBXSourcesBuildPhase section */
		26B0960D1CD367E9006B9E1C /* Sources */ = {
			isa = PBXSourcesBuildPhase;
			buildActionMask = 2147483647;
			files = (
				26B0963D1CD857FC006B9E1C /* FiveViewController.m in Sources */,
				26B0962D1CD36911006B9E1C /* SecondViewController.m in Sources */,
				26B096371CD857D1006B9E1C /* ThreeViewController.m in Sources */,
				26B0963A1CD857E7006B9E1C /* FourViewController.m in Sources */,
				26B096311CD857B8006B9E1C /* OneViewController.m in Sources */,
				26B0961C1CD367E9006B9E1C /* ViewController.m in Sources */,
				26B096341CD857C4006B9E1C /* TwoViewController.m in Sources */,
				26B096191CD367E9006B9E1C /* AppDelegate.m in Sources */,
				26B096161CD367E9006B9E1C /* main.m in Sources */,
				26B096431CD85835006B9E1C /* MyTabBarController.m in Sources */,
				26B096401CD85808006B9E1C /* SixViewController.m in Sources */,
			);
			runOnlyForDeploymentPostprocessing = 0;
		};
/* End PBXSourcesBuildPhase section */

/* Begin PBXVariantGroup section */
		26B0961D1CD367E9006B9E1C /* Main.storyboard */ = {
			isa = PBXVariantGroup;
			children = (
				26B0961E1CD367E9006B9E1C /* Base */,
			);
			name = Main.storyboard;
			sourceTree = "<group>";
		};
		26B096221CD367E9006B9E1C /* LaunchScreen.storyboard */ = {
			isa = PBXVariantGroup;
			children = (
				26B096231CD367E9006B9E1C /* Base */,
			);
			name = LaunchScreen.storyboard;
			sourceTree = "<group>";
		};
/* End PBXVariantGroup section */

/* Begin XCBuildConfiguration section */
		26B096261CD367E9006B9E1C /* Debug */ = {
			isa = XCBuildConfiguration;
			buildSettings = {
				ALWAYS_SEARCH_USER_PATHS = NO;
				CLANG_CXX_LANGUAGE_STANDARD = "gnu++0x";
				CLANG_CXX_LIBRARY = "libc++";
				CLANG_ENABLE_MODULES = YES;
				CLANG_ENABLE_OBJC_ARC = YES;
				CLANG_WARN_BOOL_CONVERSION = YES;
				CLANG_WARN_CONSTANT_CONVERSION = YES;
				CLANG_WARN_DIRECT_OBJC_ISA_USAGE = YES_ERROR;
				CLANG_WARN_EMPTY_BODY = YES;
				CLANG_WARN_ENUM_CONVERSION = YES;
				CLANG_WARN_INT_CONVERSION = YES;
				CLANG_WARN_OBJC_ROOT_CLASS = YES_ERROR;
				CLANG_WARN_UNREACHABLE_CODE = YES;
				CLANG_WARN__DUPLICATE_METHOD_MATCH = YES;
				"CODE_SIGN_IDENTITY[sdk=iphoneos*]" = "iPhone Developer";
				COPY_PHASE_STRIP = NO;
				DEBUG_INFORMATION_FORMAT = dwarf;
				ENABLE_STRICT_OBJC_MSGSEND = YES;
				ENABLE_TESTABILITY = YES;
				GCC_C_LANGUAGE_STANDARD = gnu99;
				GCC_DYNAMIC_NO_PIC = NO;
				GCC_NO_COMMON_BLOCKS = YES;
				GCC_OPTIMIZATION_LEVEL = 0;
				GCC_PREPROCESSOR_DEFINITIONS = (
					"DEBUG=1",
					"$(inherited)",
				);
				GCC_WARN_64_TO_32_BIT_CONVERSION = YES;
				GCC_WARN_ABOUT_RETURN_TYPE = YES_ERROR;
				GCC_WARN_UNDECLARED_SELECTOR = YES;
				GCC_WARN_UNINITIALIZED_AUTOS = YES_AGGRESSIVE;
				GCC_WARN_UNUSED_FUNCTION = YES;
				GCC_WARN_UNUSED_VARIABLE = YES;
				IPHONEOS_DEPLOYMENT_TARGET = 9.2;
				MTL_ENABLE_DEBUG_INFO = YES;
				ONLY_ACTIVE_ARCH = YES;
				SDKROOT = iphoneos;
				TARGETED_DEVICE_FAMILY = "1,2";
			};
			name = Debug;
		};
		26B096271CD367E9006B9E1C /* Release */ = {
			isa = XCBuildConfiguration;
			buildSettings = {
				ALWAYS_SEARCH_USER_PATHS = NO;
				CLANG_CXX_LANGUAGE_STANDARD = "gnu++0x";
				CLANG_CXX_LIBRARY = "libc++";
				CLANG_ENABLE_MODULES = YES;
				CLANG_ENABLE_OBJC_ARC = YES;
				CLANG_WARN_BOOL_CONVERSION = YES;
				CLANG_WARN_CONSTANT_CONVERSION = YES;
				CLANG_WARN_DIRECT_OBJC_ISA_USAGE = YES_ERROR;
				CLANG_WARN_EMPTY_BODY = YES;
				CLANG_WARN_ENUM_CONVERSION = YES;
				CLANG_WARN_INT_CONVERSION = YES;
				CLANG_WARN_OBJC_ROOT_CLASS = YES_ERROR;
				CLANG_WARN_UNREACHABLE_CODE = YES;
				CLANG_WARN__DUPLICATE_METHOD_MATCH = YES;
				"CODE_SIGN_IDENTITY[sdk=iphoneos*]" = "iPhone Developer";
				COPY_PHASE_STRIP = NO;
				DEBUG_INFORMATION_FORMAT = "dwarf-with-dsym";
				ENABLE_NS_ASSERTIONS = NO;
				ENABLE_STRICT_OBJC_MSGSEND = YES;
				GCC_C_LANGUAGE_STANDARD = gnu99;
				GCC_NO_COMMON_BLOCKS = YES;
				GCC_WARN_64_TO_32_BIT_CONVERSION = YES;
				GCC_WARN_ABOUT_RETURN_TYPE = YES_ERROR;
				GCC_WARN_UNDECLARED_SELECTOR = YES;
				GCC_WARN_UNINITIALIZED_AUTOS = YES_AGGRESSIVE;
				GCC_WARN_UNUSED_FUNCTION = YES;
				GCC_WARN_UNUSED_VARIABLE = YES;
				IPHONEOS_DEPLOYMENT_TARGET = 9.2;
				MTL_ENABLE_DEBUG_INFO = NO;
				SDKROOT = iphoneos;
				TARGETED_DEVICE_FAMILY = "1,2";
				VALIDATE_PRODUCT = YES;
			};
			name = Release;
		};
		26B096291CD367E9006B9E1C /* Debug */ = {
			isa = XCBuildConfiguration;
			buildSettings = {
				ASSETCATALOG_COMPILER_APPICON_NAME = AppIcon;
				INFOPLIST_FILE = UITabBarController/Info.plist;
				LD_RUNPATH_SEARCH_PATHS = "$(inherited) @executable_path/Frameworks";
				PRODUCT_BUNDLE_IDENTIFIER = eliteall.com.UITabBarController;
				PRODUCT_NAME = "$(TARGET_NAME)";
			};
			name = Debug;
		};
		26B0962A1CD367E9006B9E1C /* Release */ = {
			isa = XCBuildConfiguration;
			buildSettings = {
				ASSETCATALOG_COMPILER_APPICON_NAME = AppIcon;
				INFOPLIST_FILE = UITabBarController/Info.plist;
				LD_RUNPATH_SEARCH_PATHS = "$(inherited) @executable_path/Frameworks";
				PRODUCT_BUNDLE_IDENTIFIER = eliteall.com.UITabBarController;
				PRODUCT_NAME = "$(TARGET_NAME)";
			};
			name = Release;
		};
/* End XCBuildConfiguration section */

/* Begin XCConfigurationList section */
		26B0960C1CD367E9006B9E1C /* Build configuration list for PBXProject "UITabBarController" */ = {
			isa = XCConfigurationList;
			buildConfigurations = (
				26B096261CD367E9006B9E1C /* Debug */,
				26B096271CD367E9006B9E1C /* Release */,
			);
			defaultConfigurationIsVisible = 0;
			defaultConfigurationName = Release;
		};
		26B096281CD367E9006B9E1C /* Build configuration list for PBXNativeTarget "UITabBarController" */ = {
			isa = XCConfigurationList;
			buildConfigurations = (
				26B096291CD367E9006B9E1C /* Debug */,
				26B0962A1CD367E9006B9E1C /* Release */,
			);
			defaultConfigurationIsVisible = 0;
		};
/* End XCConfigurationList section */
	};
	rootObject = 26B096091CD367E9006B9E1C /* Project object */;
}
